
Microsoft Visual Studio Solution File, Format Version 12.00
# Visual Studio Version 16
VisualStudioVersion = 16.0.29911.84
MinimumVisualStudioVersion = 10.0.40219.1
Project("{FAE04EC0-301F-11D3-BF4B-00C04F79EFBC}") = "program0", "program0\program0.csproj", "{96BD9BCD-736A-4F04-90C5-0ABE4D58E402}"
EndProject
Global
	GlobalSection(SolutionConfigurationPlatforms) = preSolution
		Debug|Any CPU = Debug|Any CPU
		Release|Any CPU = Release|Any CPU
	EndGlobalSection
	GlobalSection(ProjectConfigurationPlatforms) = postSolution
		{96BD9BCD-736A-4F04-90C5-0ABE4D58E402}.Debug|Any CPU.ActiveCfg = Debug|Any CPU
		{96BD9BCD-736A-4F04-90C5-0ABE4D58E402}.Debug|Any CPU.Build.0 = Debug|Any CPU
		{96BD9BCD-736A-4F04-90C5-0ABE4D58E402}.Release|Any CPU.ActiveCfg = Release|Any CPU
		{96BD9BCD-736A-4F04-90C5-0ABE4D58E402}.Release|Any CPU.Build.0 = Release|Any CPU
	EndGlobalSection
	GlobalSection(SolutionProperties) = preSolution
		HideSolutionNode = FALSE
	EndGlobalSection
	GlobalSection(ExtensibilityGlobals) = postSolution
		SolutionGuid = {A185D021-BB72-43D1-B396-34E8CC40EC85}
	EndGlobalSection
EndGlobal
